version = 1
requires-python = ">=3.8"

[[package]]
name = "colorama"
version = "0.4.6"
source = { registry = "https://pypi.org/simple" }
sdist = { url = "https://files.pythonhosted.org/packages/d8/53/6f443c9a4a8358a93a6792e2acffb9d9d5cb0a5cfd8802644b7b1c9a02e4/colorama-0.4.6.tar.gz", hash = "sha256:08695f5cb7ed6e0531a20572697297273c47b8cae5a63ffc6d6ed5c201be6e44", size = 27697 }
wheels = [
    { url = "https://files.pythonhosted.org/packages/d1/d6/3965ed04c63042e047cb6a3e6ed1a63a35087b6a609aa3a15ed8ac56c221/colorama-0.4.6-py2.py3-none-any.whl", hash = "sha256:4f1d9991f5acc0ca119f9d443620b77f9d6b33703e51011c16baf57afb285fc6", size = 25335 },
]

[[package]]
name = "exceptiongroup"
version = "1.2.2"
source = { registry = "https://pypi.org/simple" }
sdist = { url = "https://files.pythonhosted.org/packages/09/35/2495c4ac46b980e4ca1f6ad6db102322ef3ad2410b79fdde159a4b0f3b92/exceptiongroup-1.2.2.tar.gz", hash = "sha256:47c2edf7c6738fafb49fd34290706d1a1a2f4d1c6df275526b62cbb4aa5393cc", size = 28883 }
wheels = [
    { url = "https://files.pythonhosted.org/packages/02/cc/b7e31358aac6ed1ef2bb790a9746ac2c69bcb3c8588b41616914eb106eaf/exceptiongroup-1.2.2-py3-none-any.whl", hash = "sha256:3111b9d131c238bec2f8f516e123e14ba243563fb135d3fe885990585aa7795b", size = 16453 },
]

[[package]]
name = "iniconfig"
version = "2.0.0"
source = { registry = "https://pypi.org/simple" }
sdist = { url = "https://files.pythonhosted.org/packages/d7/4b/cbd8e699e64a6f16ca3a8220661b5f83792b3017d0f79807cb8708d33913/iniconfig-2.0.0.tar.gz", hash = "sha256:2d91e135bf72d31a410b17c16da610a82cb55f6b0477d1a902134b24a455b8b3", size = 4646 }
wheels = [
    { url = "https://files.pythonhosted.org/packages/ef/a6/62565a6e1cf69e10f5727360368e451d4b7f58beeac6173dc9db836a5b46/iniconfig-2.0.0-py3-none-any.whl", hash = "sha256:b6a85871a79d2e3b22d2d1b94ac2824226a63c6b741c88f7ae975f18b6778374", size = 5892 },
]

[[package]]
name = "packaging"
version = "24.1"
source = { registry = "https://pypi.org/simple" }
sdist = { url = "https://files.pythonhosted.org/packages/51/65/50db4dda066951078f0a96cf12f4b9ada6e4b811516bf0262c0f4f7064d4/packaging-24.1.tar.gz", hash = "sha256:026ed72c8ed3fcce5bf8950572258698927fd1dbda10a5e981cdf0ac37f4f002", size = 148788 }
wheels = [
    { url = "https://files.pythonhosted.org/packages/08/aa/cc0199a5f0ad350994d660967a8efb233fe0416e4639146c089643407ce6/packaging-24.1-py3-none-any.whl", hash = "sha256:5b8f2217dbdbd2f7f384c41c628544e6d52f2d0f53c6d0c3ea61aa5d1d7ff124", size = 53985 },
]

[[package]]
name = "panda3d"
version = "1.10.14"
source = { registry = "https://pypi.org/simple" }
wheels = [
    { url = "https://files.pythonhosted.org/packages/3c/a9/8d702b0e5537586728329841efbc066458b7f7919a7f537af9fb12fb5dcf/panda3d-1.10.14-cp310-cp310-macosx_10_9_x86_64.whl", hash = "sha256:b0e2aacb148b7033c08929bbf89bb497c2bed1811aa9f7e5efc167dbf57c90ae", size = 66656539 },
    { url = "https://files.pythonhosted.org/packages/0f/03/119699a167166ad58dffcba8ef82e1cc3a7d89d04800d0a063d6ad71c9fc/panda3d-1.10.14-cp310-cp310-macosx_11_0_universal2.whl", hash = "sha256:2c60139139654a51dab213ce1c9f67abd73153fc9e0a0514c0758741b2d2bd96", size = 116957978 },
    { url = "https://files.pythonhosted.org/packages/7e/fd/500423904aed94e8937dee33183ef5d5dc963a4ed8877341dcfedf9b8919/panda3d-1.10.14-cp310-cp310-manylinux2010_i686.whl", hash = "sha256:f5da02fb5735294193eb1794ecbe619f20f87712f1b2c5d6e4d1a269f652ebeb", size = 55299406 },
    { url = "https://files.pythonhosted.org/packages/06/2e/4cfa35d3687bb8a97ba4fbda6aea6387502c59c2830667edb8f43e1bb41f/panda3d-1.10.14-cp310-cp310-manylinux2010_x86_64.whl", hash = "sha256:d6a65b1930e144d5901cdd20d2779dc157897a730f0c9674692d61ad50e31213", size = 54612440 },
    { url = "https://files.pythonhosted.org/packages/68/69/4c25038988413532dea3637b32bb871dbd0181c9eaeb922d46e1610e3b10/panda3d-1.10.14-cp310-cp310-manylinux2014_x86_64.whl", hash = "sha256:182a309537cd76c514b9f4d0dfd54bc9cb35d06a32234084bab6f3f0b0db3985", size = 54882414 },
    { url = "https://files.pythonhosted.org/packages/83/7c/e0c7a5e7f4d6896ac0d1ebc7b4654be0f977a15a77a5754e15fecc966ab1/panda3d-1.10.14-cp310-cp310-win32.whl", hash = "sha256:2a2b872a180ed84ff337147d6d46c14aceccbcfd1149135ba57e15136350d87f", size = 52360963 },
    { url = "https://files.pythonhosted.org/packages/c8/de/faf0b5a6a4e32c8e292394a06479f44829395c7a68527e497e5ef538354c/panda3d-1.10.14-cp310-cp310-win_amd64.whl", hash = "sha256:385d12a1f0924e91a39ebd6053104712a1acd91e089638d292b533e36f402c48", size = 63538238 },
    { url = "https://files.pythonhosted.org/packages/f5/9a/31d07e3d7c1b40335e8418c540d63f4d33c571648ed8d69896ab778e65c3/panda3d-1.10.14-cp311-cp311-macosx_10_9_x86_64.whl", hash = "sha256:54b8ef9fe3684960a2c7d47b0d63c0354c17bc516795e59db6c1e5bda8c16c1c", size = 67700752 },
    { url = "https://files.pythonhosted.org/packages/61/05/fce327535d8907ac01f43813c980f30ea86d37db62c340847519ea2ab222/panda3d-1.10.14-cp311-cp311-macosx_11_0_universal2.whl", hash = "sha256:93414675894b18eea8d27edc1bbd1dc719eae207d45ec263d47195504bc4705f", size = 118966179 },
    { url = "https://files.pythonhosted.org/packages/8a/54/24e205231e7b1bced58ba9620fbec7114673d821fc7ad9ed1804cab556b4/panda3d-1.10.14-cp311-cp311-manylinux2014_x86_64.whl", hash = "sha256:d1bc0d926f90c8fa14a1587fa9dbe5f89a4eda8c9684fa183a8eaa35fc8e891a", size = 55145295 },
    { url = "https://files.pythonhosted.org/packages/06/d3/38e989822292935d7473d35117099f71481cc6b104cb2dd048cb8058a5a8/panda3d-1.10.14-cp311-cp311-win32.whl", hash = "sha256:1039340a4a7965fe4c3e904edb4fff691584df435a154fecccf534587cd07a34", size = 53137177 },
    { url = "https://files.pythonhosted.org/packages/5c/32/b16c81661ed0d8ad62976004d81845baa321e53314e253ef0841155be770/panda3d-1.10.14-cp311-cp311-win_amd64.whl", hash = "sha256:1ddf01040b9c5497fb8659e3c5ef793a26c869cfdfb1b75e6d04d6fba0c03b73", size = 64447666 },
    { url = "https://files.pythonhosted.org/packages/5a/d4/90e98993b1a3f3c9fae83267f8c51186e676a8c1365c4180dfc65cd7ba62/panda3d-1.10.14-cp312-cp312-macosx_10_9_x86_64.whl", hash = "sha256:1bfbcee77779f12ecce6a3d5a856e573b25d6343f8c4b107e814d9702e70a65d", size = 67839196 },
    { url = "https://files.pythonhosted.org/packages/dc/e5/862821575073863ce49cc57b8349b47cb25ce11feae0e419b3d023ac1a69/panda3d-1.10.14-cp312-cp312-macosx_11_0_universal2.whl", hash = "sha256:bc6540c5559d7e14a8992eff7de0157b7c42406b7ba221941ed224289496841c", size = 119271341 },
    { url = "https://files.pythonhosted.org/packages/f4/20/f16d91805777825e530037177d9075c83da7384f12b778b133e3164a31f3/panda3d-1.10.14-cp312-cp312-manylinux2014_aarch64.whl", hash = "sha256:143daab1ce6bedcba711ea3f6cab0ebe5082f22c5f43e7178fadd2dd01209da7", size = 47604077 },
    { url = "https://files.pythonhosted.org/packages/11/69/806dcdbaee3e8deee1956abeea0d3d3e504315d2e9814de82a44809a8617/panda3d-1.10.14-cp312-cp312-manylinux2014_x86_64.whl", hash = "sha256:3c4399a286a142de7ff86f9356d7e526bbbd38892d7f7d39fecb5c33064972bc", size = 55539594 },
    { url = "https://files.pythonhosted.org/packages/ad/25/005de5e2b6d0acd546f8b3f2b547cd29e308cdd04a397f0ea68046e26571/panda3d-1.10.14-cp312-cp312-win32.whl", hash = "sha256:e92e0dd907e2af33085a2c31ca2263dc8023b1b7bc70ce1b9fbc84631e130e51", size = 53479813 },
    { url = "https://files.pythonhosted.org/packages/74/bb/cb57563855da994614a33f57bd5691fbcd69f12e5ccddd30d387d0be287f/panda3d-1.10.14-cp312-cp312-win_amd64.whl", hash = "sha256:a5f2defd822d38848f8ae1956115adcb6cc7f464f03a67e73681cc72df125ef4", size = 64893222 },
    { url = "https://files.pythonhosted.org/packages/f5/fd/85538d72d2af1221e75d5f6d0f28ba4f0b1d2c41404026f182284b48cdb7/panda3d-1.10.14-cp38-cp38-macosx_10_9_x86_64.whl", hash = "sha256:a61c973d8d58305a502d05a82dc3ec6cf2b5e01ada7151a83415c51a959ff774", size = 65849139 },
    { url = "https://files.pythonhosted.org/packages/92/45/c84b5c195401147b22f4eae1df67e2681cf6ae272ea8356c3c450562b20b/panda3d-1.10.14-cp38-cp38-macosx_11_0_universal2.whl", hash = "sha256:3e82b2f904efb9f7f78dbf6d88bc5ebc83c5c0fbc9e477a8ef2b154bd7935591", size = 115469586 },
    { url = "https://files.pythonhosted.org/packages/05/a2/461f66ab78fc7d57b4448cb9ccad109bbc8f0c20430412313a5045199cbd/panda3d-1.10.14-cp38-cp38-manylinux1_i686.whl", hash = "sha256:96d1ce3483a51ec5aebc43f3e30e552deacb660606d2b36e86ed3a9756e3eccf", size = 50412970 },
    { url = "https://files.pythonhosted.org/packages/ab/e7/088201b2927c5ac3de20e0f55198103a852b53b4b99c5c774e423550da79/panda3d-1.10.14-cp38-cp38-manylinux1_x86_64.whl", hash = "sha256:b658d75a5342ff175703ce780e8b383da438ff68ea941d0e5dff68c5189d38ec", size = 52960612 },
    { url = "https://files.pythonhosted.org/packages/14/a3/9a93fe08fa7311653bee6940f9781c42222d312c7e17b37c2a74b06f4ea4/panda3d-1.10.14-cp38-cp38-manylinux2014_x86_64.whl", hash = "sha256:3e564c44d879b01d01a7fcdc03977affcf3b1dabcf2d6e5c678e06b9de8855ac", size = 54711042 },
    { url = "https://files.pythonhosted.org/packages/8a/03/e66b1d64a426cdbfb6f4a762e6b36730eae1cae7eecb0c755122dd1c7da0/panda3d-1.10.14-cp38-cp38-win32.whl", hash = "sha256:06007592951730b52852771e98b306b3c1de9dc51abf0bab183c3ec3ac404131", size = 52208838 },
    { url = "https://files.pythonhosted.org/packages/65/fd/69187c77e40373f345c5718d9cf3cf0abbaa1409184c386ae2e549f1d937/panda3d-1.10.14-cp38-cp38-win_amd64.whl", hash = "sha256:b05713b5acfcfcbf1dc87c19b1d5babf926d21f83b3772180e7a5de83f45b454", size = 63239878 },
    { url = "https://files.pythonhosted.org/packages/29/87/032644031f586ec9ecd7f28d9475e27a11c431792e63b3a861bad9c18ac6/panda3d-1.10.14-cp39-cp39-macosx_10_9_x86_64.whl", hash = "sha256:d55c7d52bd07e54a16219bb88a7cf34a5b9e7c720dce585e9de8427cc54d9dd2", size = 66008285 },
    { url = "https://files.pythonhosted.org/packages/f2/4c/322b69b5dad82949f4e1a4b8ed4bd945863ae67970ea973391ebdbc1b751/panda3d-1.10.14-cp39-cp39-macosx_11_0_universal2.whl", hash = "sha256:39abf9330ebcfcff07c29ebcf397cf43c2e5be6c148cf45a0a025d3297c43289", size = 115924203 },
    { url = "https://files.pythonhosted.org/packages/64/f2/0f81e1f77a6db8eb63321ed7148eb79d1c92dc4418d5c998acf9e292c4cf/panda3d-1.10.14-cp39-cp39-manylinux1_i686.whl", hash = "sha256:0f69c7232713f50a552b00ada4cbb03780bb97ec1ddb640e5162df61d1b26a2b", size = 50543371 },
    { url = "https://files.pythonhosted.org/packages/48/71/60df1aa81b628856786085b39f2cf5576282a2c725cd96c5a851ce0b3497/panda3d-1.10.14-cp39-cp39-manylinux1_x86_64.whl", hash = "sha256:9dda6736e8c180fa9caab70aa9461d7042b74764f73e4d2c59fe560751989341", size = 53092313 },
    { url = "https://files.pythonhosted.org/packages/70/cd/51738569e3c2b780c7791199b2d36aa3787d57f8c9628b3d2d3d41f6bc73/panda3d-1.10.14-cp39-cp39-manylinux2014_x86_64.whl", hash = "sha256:a91ab520fa8bd206460f0b7acfa6329440d72669048bac3eab4bb4d8dcd09991", size = 54843772 },
    { url = "https://files.pythonhosted.org/packages/f4/b4/0779b3a422fdfe829530f56454961eb64badbccf1c0c9c21d39258964538/panda3d-1.10.14-cp39-cp39-win32.whl", hash = "sha256:2de074b0a3e0f243e4c1fba0376a26489d585cc71fd79986de274e282e3913d8", size = 52580779 },
    { url = "https://files.pythonhosted.org/packages/13/5a/6e7420c6c7499bf724f172808e252726b57a05877c19b11cf9acdfb5f6e0/panda3d-1.10.14-cp39-cp39-win_amd64.whl", hash = "sha256:356c55c25c2227bb2cf20a9613410c470f4e9de887543ec8b3765c848af4bff0", size = 63624709 },
]

[[package]]
name = "panda3d-simplepbr"
version = "0.13.0"
source = { editable = "." }
dependencies = [
    { name = "panda3d" },
    { name = "typing-extensions" },
]

[package.dependency-groups]
dev = [
    { name = "pytest" },
    { name = "ruff" },
]

[package.metadata]
requires-dist = [
    { name = "panda3d", specifier = ">=1.10.8" },
    { name = "typing-extensions", specifier = "~=4.7" },
]

[package.metadata.dependency-groups]
dev = [
    { name = "pytest" },
    { name = "ruff" },
]

[[package]]
name = "pluggy"
version = "1.5.0"
source = { registry = "https://pypi.org/simple" }
sdist = { url = "https://files.pythonhosted.org/packages/96/2d/02d4312c973c6050a18b314a5ad0b3210edb65a906f868e31c111dede4a6/pluggy-1.5.0.tar.gz", hash = "sha256:2cffa88e94fdc978c4c574f15f9e59b7f4201d439195c3715ca9e2486f1d0cf1", size = 67955 }
wheels = [
    { url = "https://files.pythonhosted.org/packages/88/5f/e351af9a41f866ac3f1fac4ca0613908d9a41741cfcf2228f4ad853b697d/pluggy-1.5.0-py3-none-any.whl", hash = "sha256:44e1ad92c8ca002de6377e165f3e0f1be63266ab4d554740532335b9d75ea669", size = 20556 },
]

[[package]]
name = "pytest"
version = "8.3.3"
source = { registry = "https://pypi.org/simple" }
dependencies = [
    { name = "colorama", marker = "sys_platform == 'win32'" },
    { name = "exceptiongroup", marker = "python_full_version < '3.11'" },
    { name = "iniconfig" },
    { name = "packaging" },
    { name = "pluggy" },
    { name = "tomli", marker = "python_full_version < '3.11'" },
]
sdist = { url = "https://files.pythonhosted.org/packages/8b/6c/62bbd536103af674e227c41a8f3dcd022d591f6eed5facb5a0f31ee33bbc/pytest-8.3.3.tar.gz", hash = "sha256:70b98107bd648308a7952b06e6ca9a50bc660be218d53c257cc1fc94fda10181", size = 1442487 }
wheels = [
    { url = "https://files.pythonhosted.org/packages/6b/77/7440a06a8ead44c7757a64362dd22df5760f9b12dc5f11b6188cd2fc27a0/pytest-8.3.3-py3-none-any.whl", hash = "sha256:a6853c7375b2663155079443d2e45de913a911a11d669df02a50814944db57b2", size = 342341 },
]

[[package]]
name = "ruff"
version = "0.7.1"
source = { registry = "https://pypi.org/simple" }
sdist = { url = "https://files.pythonhosted.org/packages/a6/21/5c6e05e0fd3fbb41be4fb92edbc9a04de70baf60adb61435ce0c6b8c3d55/ruff-0.7.1.tar.gz", hash = "sha256:9d8a41d4aa2dad1575adb98a82870cf5db5f76b2938cf2206c22c940034a36f4", size = 3181670 }
wheels = [
    { url = "https://files.pythonhosted.org/packages/65/45/8a20a9920175c9c4892b2420f80ff3cf14949cf3067118e212f9acd9c908/ruff-0.7.1-py3-none-linux_armv6l.whl", hash = "sha256:cb1bc5ed9403daa7da05475d615739cc0212e861b7306f314379d958592aaa89", size = 10389268 },
    { url = "https://files.pythonhosted.org/packages/1b/d3/2f8382db2cf4f9488e938602e33e36287f9d26cb283aa31f11c31297ce79/ruff-0.7.1-py3-none-macosx_10_12_x86_64.whl", hash = "sha256:27c1c52a8d199a257ff1e5582d078eab7145129aa02721815ca8fa4f9612dc35", size = 10188348 },
    { url = "https://files.pythonhosted.org/packages/a2/31/7d14e2a88da351200f844b7be889a0845d9e797162cf76b136d21b832a23/ruff-0.7.1-py3-none-macosx_11_0_arm64.whl", hash = "sha256:588a34e1ef2ea55b4ddfec26bbe76bc866e92523d8c6cdec5e8aceefeff02d99", size = 9841448 },
    { url = "https://files.pythonhosted.org/packages/db/99/738cafdc768eceeca0bd26c6f03e213aa91203d2278e1d95b1c31c4ece41/ruff-0.7.1-py3-none-manylinux_2_17_aarch64.manylinux2014_aarch64.whl", hash = "sha256:94fc32f9cdf72dc75c451e5f072758b118ab8100727168a3df58502b43a599ca", size = 10674864 },
    { url = "https://files.pythonhosted.org/packages/fe/12/bcf2836b50eab53c65008383e7d55201e490d75167c474f14a16e1af47d2/ruff-0.7.1-py3-none-manylinux_2_17_armv7l.manylinux2014_armv7l.whl", hash = "sha256:985818742b833bffa543a84d1cc11b5e6871de1b4e0ac3060a59a2bae3969250", size = 10192105 },
    { url = "https://files.pythonhosted.org/packages/2b/71/261d5d668bf98b6c44e89bfb5dfa4cb8cb6c8b490a201a3d8030e136ea4f/ruff-0.7.1-py3-none-manylinux_2_17_i686.manylinux2014_i686.whl", hash = "sha256:32f1e8a192e261366c702c5fb2ece9f68d26625f198a25c408861c16dc2dea9c", size = 11194144 },
    { url = "https://files.pythonhosted.org/packages/90/1f/0926d18a3b566fa6e7b3b36093088e4ffef6b6ba4ea85a462d9a93f7e35c/ruff-0.7.1-py3-none-manylinux_2_17_ppc64.manylinux2014_ppc64.whl", hash = "sha256:699085bf05819588551b11751eff33e9ca58b1b86a6843e1b082a7de40da1565", size = 11917066 },
    { url = "https://files.pythonhosted.org/packages/cd/a8/9fac41f128b6a44ab4409c1493430b4ee4b11521e8aeeca19bfe1ce851f9/ruff-0.7.1-py3-none-manylinux_2_17_ppc64le.manylinux2014_ppc64le.whl", hash = "sha256:344cc2b0814047dc8c3a8ff2cd1f3d808bb23c6658db830d25147339d9bf9ea7", size = 11458821 },
    { url = "https://files.pythonhosted.org/packages/25/cd/59644168f086ab13fe4e02943b9489a0aa710171f66b178e179df5383554/ruff-0.7.1-py3-none-manylinux_2_17_s390x.manylinux2014_s390x.whl", hash = "sha256:4316bbf69d5a859cc937890c7ac7a6551252b6a01b1d2c97e8fc96e45a7c8b4a", size = 12700379 },
    { url = "https://files.pythonhosted.org/packages/fb/30/3bac63619eb97174661829c07fc46b2055a053dee72da29d7c304c1cd2c0/ruff-0.7.1-py3-none-manylinux_2_17_x86_64.manylinux2014_x86_64.whl", hash = "sha256:79d3af9dca4c56043e738a4d6dd1e9444b6d6c10598ac52d146e331eb155a8ad", size = 11019813 },
    { url = "https://files.pythonhosted.org/packages/4b/af/f567b885b5cb3bcdbcca3458ebf210cc8c9c7a9f61c332d3c2a050c3b21e/ruff-0.7.1-py3-none-musllinux_1_2_aarch64.whl", hash = "sha256:c5c121b46abde94a505175524e51891f829414e093cd8326d6e741ecfc0a9112", size = 10662146 },
    { url = "https://files.pythonhosted.org/packages/bc/ad/eb930d3ad117a9f2f7261969c21559ebd82bb13b6e8001c7caed0d44be5f/ruff-0.7.1-py3-none-musllinux_1_2_armv7l.whl", hash = "sha256:8422104078324ea250886954e48f1373a8fe7de59283d747c3a7eca050b4e378", size = 10256911 },
    { url = "https://files.pythonhosted.org/packages/20/d5/af292ce70a016fcec792105ca67f768b403dd480a11888bc1f418fed0dd5/ruff-0.7.1-py3-none-musllinux_1_2_i686.whl", hash = "sha256:56aad830af8a9db644e80098fe4984a948e2b6fc2e73891538f43bbe478461b8", size = 10767488 },
    { url = "https://files.pythonhosted.org/packages/24/85/cc04a3bd027f433bebd2a097e63b3167653c079f7f13d8f9a1178e693412/ruff-0.7.1-py3-none-musllinux_1_2_x86_64.whl", hash = "sha256:658304f02f68d3a83c998ad8bf91f9b4f53e93e5412b8f2388359d55869727fd", size = 11093368 },
    { url = "https://files.pythonhosted.org/packages/0b/fb/c39cbf32d1f3e318674b8622f989417231794926b573f76dd4d0ca49f0f1/ruff-0.7.1-py3-none-win32.whl", hash = "sha256:b517a2011333eb7ce2d402652ecaa0ac1a30c114fbbd55c6b8ee466a7f600ee9", size = 8594180 },
    { url = "https://files.pythonhosted.org/packages/5a/71/ec8cdea34ecb90c830ca60d54ac7b509a7b5eab50fae27e001d4470fe813/ruff-0.7.1-py3-none-win_amd64.whl", hash = "sha256:f38c41fcde1728736b4eb2b18850f6d1e3eedd9678c914dede554a70d5241307", size = 9419751 },
    { url = "https://files.pythonhosted.org/packages/79/7b/884553415e9f0a9bf358ed52fb68b934e67ef6c5a62397ace924a1afdf9a/ruff-0.7.1-py3-none-win_arm64.whl", hash = "sha256:19aa200ec824c0f36d0c9114c8ec0087082021732979a359d6f3c390a6ff2a37", size = 8717402 },
]

[[package]]
name = "tomli"
version = "2.0.2"
source = { registry = "https://pypi.org/simple" }
sdist = { url = "https://files.pythonhosted.org/packages/35/b9/de2a5c0144d7d75a57ff355c0c24054f965b2dc3036456ae03a51ea6264b/tomli-2.0.2.tar.gz", hash = "sha256:d46d457a85337051c36524bc5349dd91b1877838e2979ac5ced3e710ed8a60ed", size = 16096 }
wheels = [
    { url = "https://files.pythonhosted.org/packages/cf/db/ce8eda256fa131af12e0a76d481711abe4681b6923c27efb9a255c9e4594/tomli-2.0.2-py3-none-any.whl", hash = "sha256:2ebe24485c53d303f690b0ec092806a085f07af5a5aa1464f3931eec36caaa38", size = 13237 },
]

[[package]]
name = "typing-extensions"
version = "4.12.2"
source = { registry = "https://pypi.org/simple" }
sdist = { url = "https://files.pythonhosted.org/packages/df/db/f35a00659bc03fec321ba8bce9420de607a1d37f8342eee1863174c69557/typing_extensions-4.12.2.tar.gz", hash = "sha256:1a7ead55c7e559dd4dee8856e3a88b41225abfe1ce8df57b7c13915fe121ffb8", size = 85321 }
wheels = [
    { url = "https://files.pythonhosted.org/packages/26/9f/ad63fc0248c5379346306f8668cda6e2e2e9c95e01216d2b8ffd9ff037d0/typing_extensions-4.12.2-py3-none-any.whl", hash = "sha256:04e5ca0351e0f3f85c6853954072df659d0d13fac324d0072316b67d7794700d", size = 37438 },
]
